
Microsoft Visual Studio Solution File, Format Version 12.00
# Visual Studio Version 17
VisualStudioVersion = 17.4.33213.308
MinimumVisualStudioVersion = 10.0.40219.1
Project("{9A19103F-16F7-4668-BE54-9A1E7A4F7556}") = "AdressBok", "AdressBok\AdressBok.csproj", "{F334B34E-20D3-4F15-B95D-9818A2165365}"
EndProject
Project("{FAE04EC0-301F-11D3-BF4B-00C04F79EFBC}") = "AdressBok.Test", "AdressBok.Test\AdressBok.Test.csproj", "{5C64C0EA-93D6-4C08-B65F-A7F7929F7A26}"
EndProject
Global
	GlobalSection(SolutionConfigurationPlatforms) = preSolution
		Debug|Any CPU = Debug|Any CPU
		Release|Any CPU = Release|Any CPU
	EndGlobalSection
	GlobalSection(ProjectConfigurationPlatforms) = postSolution
		{F334B34E-20D3-4F15-B95D-9818A2165365}.Debug|Any CPU.ActiveCfg = Debug|Any CPU
		{F334B34E-20D3-4F15-B95D-9818A2165365}.Debug|Any CPU.Build.0 = Debug|Any CPU
		{F334B34E-20D3-4F15-B95D-9818A2165365}.Release|Any CPU.ActiveCfg = Release|Any CPU
		{F334B34E-20D3-4F15-B95D-9818A2165365}.Release|Any CPU.Build.0 = Release|Any CPU
		{5C64C0EA-93D6-4C08-B65F-A7F7929F7A26}.Debug|Any CPU.ActiveCfg = Debug|Any CPU
		{5C64C0EA-93D6-4C08-B65F-A7F7929F7A26}.Debug|Any CPU.Build.0 = Debug|Any CPU
		{5C64C0EA-93D6-4C08-B65F-A7F7929F7A26}.Release|Any CPU.ActiveCfg = Release|Any CPU
		{5C64C0EA-93D6-4C08-B65F-A7F7929F7A26}.Release|Any CPU.Build.0 = Release|Any CPU
	EndGlobalSection
	GlobalSection(SolutionProperties) = preSolution
		HideSolutionNode = FALSE
	EndGlobalSection
	GlobalSection(ExtensibilityGlobals) = postSolution
		SolutionGuid = {6A6684EB-248F-4072-995F-3C6CCD45CAEB}
	EndGlobalSection
EndGlobal
